{
  "name": "michaelfan0310.github.io",
  "lockfileVersion": 2,
  "requires": true,
  "packages": {
    "": {
      "dependencies": {
        "primus": "^2.0.4"
      }
    },
    "node_modules/eventemitter3": {
      "version": "0.1.6",
      "resolved": "https://registry.npmjs.org/eventemitter3/-/eventemitter3-0.1.6.tgz",
      "integrity": "sha1-jHrES4e6q1XNUMgo3Dh3jqwFLqU="
    },
    "node_modules/extendable": {
      "version": "0.0.6",
      "resolved": "https://registry.npmjs.org/extendable/-/extendable-0.0.6.tgz",
      "integrity": "sha1-uFxqCBYwssnYNYgjnCDLO+R3b+Y=",
      "deprecated": "This project has been renamed to extendible. This project will not receive any updates anymore"
    },
    "node_modules/forwarded-for": {
      "version": "0.0.2",
      "resolved": "https://registry.npmjs.org/forwarded-for/-/forwarded-for-0.0.2.tgz",
      "integrity": "sha1-PaEBq/QJXExY2AHhhW+VDBT7NWc="
    },
    "node_modules/load": {
      "version": "1.0.2",
      "resolved": "https://registry.npmjs.org/load/-/load-1.0.2.tgz",
      "integrity": "sha1-nfTN2vnh3JIHTkvIJc1yS5IdO0o="
    },
    "node_modules/predefine": {
      "version": "0.0.6",
      "resolved": "https://registry.npmjs.org/predefine/-/predefine-0.0.6.tgz",
      "integrity": "sha1-sFfMWHS8qMkWEdhqPTaMHR2YItQ=",
      "dependencies": {
        "extendable": "0.0.x"
      }
    },
    "node_modules/primus": {
      "version": "2.0.4",
      "resolved": "https://registry.npmjs.org/primus/-/primus-2.0.4.tgz",
      "integrity": "sha1-caX/0z8W3UyObHaDoinFbHmnjwA=",
      "dependencies": {
        "eventemitter3": "0.1.x",
        "forwarded-for": "0.0.x",
        "load": "1.0.x",
        "predefine": "0.0.x"
      }
    }
  },
  "dependencies": {
    "eventemitter3": {
      "version": "0.1.6",
      "resolved": "https://registry.npmjs.org/eventemitter3/-/eventemitter3-0.1.6.tgz",
      "integrity": "sha1-jHrES4e6q1XNUMgo3Dh3jqwFLqU="
    },
    "extendable": {
      "version": "0.0.6",
      "resolved": "https://registry.npmjs.org/extendable/-/extendable-0.0.6.tgz",
      "integrity": "sha1-uFxqCBYwssnYNYgjnCDLO+R3b+Y="
    },
    "forwarded-for": {
      "version": "0.0.2",
      "resolved": "https://registry.npmjs.org/forwarded-for/-/forwarded-for-0.0.2.tgz",
      "integrity": "sha1-PaEBq/QJXExY2AHhhW+VDBT7NWc="
    },
    "load": {
      "version": "1.0.2",
      "resolved": "https://registry.npmjs.org/load/-/load-1.0.2.tgz",
      "integrity": "sha1-nfTN2vnh3JIHTkvIJc1yS5IdO0o="
    },
    "predefine": {
      "version": "0.0.6",
      "resolved": "https://registry.npmjs.org/predefine/-/predefine-0.0.6.tgz",
      "integrity": "sha1-sFfMWHS8qMkWEdhqPTaMHR2YItQ=",
      "requires": {
        "extendable": "0.0.x"
      }
    },
    "primus": {
      "version": "2.0.4",
      "resolved": "https://registry.npmjs.org/primus/-/primus-2.0.4.tgz",
      "integrity": "sha1-caX/0z8W3UyObHaDoinFbHmnjwA=",
      "requires": {
        "eventemitter3": "0.1.x",
        "forwarded-for": "0.0.x",
        "load": "1.0.x",
        "predefine": "0.0.x"
      }
    }
  }
}
